// !$*UTF8*$!
{
	archiveVersion = 1;
	classes = {
	};
	objectVersion = 56;
	objects = {

/* Begin PBXBuildFile section */
		EF3B69BF2BBF2C8D00271C56 /* ChartPoint.swift in Sources */ = {isa = PBXBuildFile; fileRef = EF3B69BE2BBF2C8D00271C56 /* ChartPoint.swift */; };
		EF3B69C12BBF32BC00271C56 /* ChartViewModel.swift in Sources */ = {isa = PBXBuildFile; fileRef = EF3B69C02BBF32BC00271C56 /* ChartViewModel.swift */; };
		EF5A690D2BB5751C00DDB156 /* FundStatistics.swift in Sources */ = {isa = PBXBuildFile; fileRef = EF5A690C2BB5751C00DDB156 /* FundStatistics.swift */; };
		EF5A690F2BB5779800DDB156 /* BalanceRow.swift in Sources */ = {isa = PBXBuildFile; fileRef = EF5A690E2BB5779800DDB156 /* BalanceRow.swift */; };
		EF5A69112BB57D2600DDB156 /* BalanceChangeRow.swift in Sources */ = {isa = PBXBuildFile; fileRef = EF5A69102BB57D2600DDB156 /* BalanceChangeRow.swift */; };
		EF6EEA722BB2F30F005C1562 /* TransferEditor.swift in Sources */ = {isa = PBXBuildFile; fileRef = EF6EEA712BB2F30F005C1562 /* TransferEditor.swift */; };
		EF7B6CB72BB0916900CA6F92 /* Funds4App.swift in Sources */ = {isa = PBXBuildFile; fileRef = EF7B6CB62BB0916900CA6F92 /* Funds4App.swift */; };
		EF7B6CB92BB0916900CA6F92 /* ContentView.swift in Sources */ = {isa = PBXBuildFile; fileRef = EF7B6CB82BB0916900CA6F92 /* ContentView.swift */; };
		EF7B6CBB2BB0916A00CA6F92 /* Assets.xcassets in Resources */ = {isa = PBXBuildFile; fileRef = EF7B6CBA2BB0916A00CA6F92 /* Assets.xcassets */; };
		EF7B6CBE2BB0916A00CA6F92 /* Preview Assets.xcassets in Resources */ = {isa = PBXBuildFile; fileRef = EF7B6CBD2BB0916A00CA6F92 /* Preview Assets.xcassets */; };
		EF7B6CC62BB0922F00CA6F92 /* Fund.swift in Sources */ = {isa = PBXBuildFile; fileRef = EF7B6CC52BB0922F00CA6F92 /* Fund.swift */; };
		EF7B6CC82BB092AE00CA6F92 /* Transaction.swift in Sources */ = {isa = PBXBuildFile; fileRef = EF7B6CC72BB092AE00CA6F92 /* Transaction.swift */; };
		EF7B6CCB2BB0961700CA6F92 /* TransactionList.swift in Sources */ = {isa = PBXBuildFile; fileRef = EF7B6CCA2BB0961700CA6F92 /* TransactionList.swift */; };
		EF7B6CCE2BB09BE000CA6F92 /* Date-Extensions.swift in Sources */ = {isa = PBXBuildFile; fileRef = EF7B6CCD2BB09BE000CA6F92 /* Date-Extensions.swift */; };
		EF7B6CD02BB09EF400CA6F92 /* FundList.swift in Sources */ = {isa = PBXBuildFile; fileRef = EF7B6CCF2BB09EF400CA6F92 /* FundList.swift */; };
		EF7B6CD22BB0A77300CA6F92 /* FundEditor.swift in Sources */ = {isa = PBXBuildFile; fileRef = EF7B6CD12BB0A77300CA6F92 /* FundEditor.swift */; };
		EF7B6CD42BB0CE4500CA6F92 /* Bool-Extensions.swift in Sources */ = {isa = PBXBuildFile; fileRef = EF7B6CD32BB0CE4500CA6F92 /* Bool-Extensions.swift */; };
		EF7B6CD72BB0D44A00CA6F92 /* ModelContainerPreview.swift in Sources */ = {isa = PBXBuildFile; fileRef = EF7B6CD62BB0D44A00CA6F92 /* ModelContainerPreview.swift */; };
		EF7B6CD92BB0D47400CA6F92 /* Preview-ModelContainer.swift in Sources */ = {isa = PBXBuildFile; fileRef = EF7B6CD82BB0D47400CA6F92 /* Preview-ModelContainer.swift */; };
		EF7B6CDC2BB0D49E00CA6F92 /* SampleData-Fund.swift in Sources */ = {isa = PBXBuildFile; fileRef = EF7B6CDB2BB0D49E00CA6F92 /* SampleData-Fund.swift */; };
		EF7B6CDE2BB0D4BF00CA6F92 /* SampleData-Transaction.swift in Sources */ = {isa = PBXBuildFile; fileRef = EF7B6CDD2BB0D4BF00CA6F92 /* SampleData-Transaction.swift */; };
		EF7B6CE02BB0D7BE00CA6F92 /* FundDetails.swift in Sources */ = {isa = PBXBuildFile; fileRef = EF7B6CDF2BB0D7BE00CA6F92 /* FundDetails.swift */; };
		EF7B6CE22BB0D87200CA6F92 /* FundRow.swift in Sources */ = {isa = PBXBuildFile; fileRef = EF7B6CE12BB0D87200CA6F92 /* FundRow.swift */; };
		EF7B6CE62BB1680A00CA6F92 /* Int-Extensions.swift in Sources */ = {isa = PBXBuildFile; fileRef = EF7B6CE52BB1680A00CA6F92 /* Int-Extensions.swift */; };
		EF7B6CE82BB1840200CA6F92 /* TransactionRow.swift in Sources */ = {isa = PBXBuildFile; fileRef = EF7B6CE72BB1840200CA6F92 /* TransactionRow.swift */; };
		EF7B6CEA2BB18D7D00CA6F92 /* TransactionEditor.swift in Sources */ = {isa = PBXBuildFile; fileRef = EF7B6CE92BB18D7D00CA6F92 /* TransactionEditor.swift */; };
		EF9EDCBE2BB98C94003D6D36 /* FundChart.swift in Sources */ = {isa = PBXBuildFile; fileRef = EF9EDCBD2BB98C94003D6D36 /* FundChart.swift */; };
		EF9EDCC02BB9BAA6003D6D36 /* FundTransactionsList.swift in Sources */ = {isa = PBXBuildFile; fileRef = EF9EDCBF2BB9BAA6003D6D36 /* FundTransactionsList.swift */; };
		EFA2A1872BC48282006224D6 /* TransactionGroupViewModel.swift in Sources */ = {isa = PBXBuildFile; fileRef = EFA2A1862BC48282006224D6 /* TransactionGroupViewModel.swift */; };
		EFAA66852BB6E649001EA269 /* SwiftDate in Frameworks */ = {isa = PBXBuildFile; productRef = EFAA66842BB6E649001EA269 /* SwiftDate */; };
		EFD3F2DD2BB1EE3D00DB805D /* TransactionDaySection.swift in Sources */ = {isa = PBXBuildFile; fileRef = EFD3F2DC2BB1EE3D00DB805D /* TransactionDaySection.swift */; };
		EFDF1E222BC2D96F00A397AF /* TransactionGroup.swift in Sources */ = {isa = PBXBuildFile; fileRef = EFDF1E212BC2D96F00A397AF /* TransactionGroup.swift */; };
/* End PBXBuildFile section */

/* Begin PBXFileReference section */
		EF3B69BE2BBF2C8D00271C56 /* ChartPoint.swift */ = {isa = PBXFileReference; lastKnownFileType = sourcecode.swift; path = ChartPoint.swift; sourceTree = "<group>"; };
		EF3B69C02BBF32BC00271C56 /* ChartViewModel.swift */ = {isa = PBXFileReference; lastKnownFileType = sourcecode.swift; path = ChartViewModel.swift; sourceTree = "<group>"; };
		EF5A690C2BB5751C00DDB156 /* FundStatistics.swift */ = {isa = PBXFileReference; lastKnownFileType = sourcecode.swift; path = FundStatistics.swift; sourceTree = "<group>"; };
		EF5A690E2BB5779800DDB156 /* BalanceRow.swift */ = {isa = PBXFileReference; lastKnownFileType = sourcecode.swift; path = BalanceRow.swift; sourceTree = "<group>"; };
		EF5A69102BB57D2600DDB156 /* BalanceChangeRow.swift */ = {isa = PBXFileReference; lastKnownFileType = sourcecode.swift; path = BalanceChangeRow.swift; sourceTree = "<group>"; };
		EF6EEA712BB2F30F005C1562 /* TransferEditor.swift */ = {isa = PBXFileReference; lastKnownFileType = sourcecode.swift; path = TransferEditor.swift; sourceTree = "<group>"; };
		EF7B6CB32BB0916900CA6F92 /* Funds4.app */ = {isa = PBXFileReference; explicitFileType = wrapper.application; includeInIndex = 0; path = Funds4.app; sourceTree = BUILT_PRODUCTS_DIR; };
		EF7B6CB62BB0916900CA6F92 /* Funds4App.swift */ = {isa = PBXFileReference; lastKnownFileType = sourcecode.swift; path = Funds4App.swift; sourceTree = "<group>"; };
		EF7B6CB82BB0916900CA6F92 /* ContentView.swift */ = {isa = PBXFileReference; lastKnownFileType = sourcecode.swift; path = ContentView.swift; sourceTree = "<group>"; };
		EF7B6CBA2BB0916A00CA6F92 /* Assets.xcassets */ = {isa = PBXFileReference; lastKnownFileType = folder.assetcatalog; path = Assets.xcassets; sourceTree = "<group>"; };
		EF7B6CBD2BB0916A00CA6F92 /* Preview Assets.xcassets */ = {isa = PBXFileReference; lastKnownFileType = folder.assetcatalog; path = "Preview Assets.xcassets"; sourceTree = "<group>"; };
		EF7B6CC52BB0922F00CA6F92 /* Fund.swift */ = {isa = PBXFileReference; lastKnownFileType = sourcecode.swift; path = Fund.swift; sourceTree = "<group>"; };
		EF7B6CC72BB092AE00CA6F92 /* Transaction.swift */ = {isa = PBXFileReference; lastKnownFileType = sourcecode.swift; path = Transaction.swift; sourceTree = "<group>"; };
		EF7B6CCA2BB0961700CA6F92 /* TransactionList.swift */ = {isa = PBXFileReference; lastKnownFileType = sourcecode.swift; path = TransactionList.swift; sourceTree = "<group>"; };
		EF7B6CCD2BB09BE000CA6F92 /* Date-Extensions.swift */ = {isa = PBXFileReference; lastKnownFileType = sourcecode.swift; path = "Date-Extensions.swift"; sourceTree = "<group>"; };
		EF7B6CCF2BB09EF400CA6F92 /* FundList.swift */ = {isa = PBXFileReference; lastKnownFileType = sourcecode.swift; path = FundList.swift; sourceTree = "<group>"; };
		EF7B6CD12BB0A77300CA6F92 /* FundEditor.swift */ = {isa = PBXFileReference; lastKnownFileType = sourcecode.swift; path = FundEditor.swift; sourceTree = "<group>"; };
		EF7B6CD32BB0CE4500CA6F92 /* Bool-Extensions.swift */ = {isa = PBXFileReference; lastKnownFileType = sourcecode.swift; path = "Bool-Extensions.swift"; sourceTree = "<group>"; };
		EF7B6CD62BB0D44A00CA6F92 /* ModelContainerPreview.swift */ = {isa = PBXFileReference; lastKnownFileType = sourcecode.swift; path = ModelContainerPreview.swift; sourceTree = "<group>"; };
		EF7B6CD82BB0D47400CA6F92 /* Preview-ModelContainer.swift */ = {isa = PBXFileReference; lastKnownFileType = sourcecode.swift; path = "Preview-ModelContainer.swift"; sourceTree = "<group>"; };
		EF7B6CDB2BB0D49E00CA6F92 /* SampleData-Fund.swift */ = {isa = PBXFileReference; lastKnownFileType = sourcecode.swift; path = "SampleData-Fund.swift"; sourceTree = "<group>"; };
		EF7B6CDD2BB0D4BF00CA6F92 /* SampleData-Transaction.swift */ = {isa = PBXFileReference; lastKnownFileType = sourcecode.swift; path = "SampleData-Transaction.swift"; sourceTree = "<group>"; };
		EF7B6CDF2BB0D7BE00CA6F92 /* FundDetails.swift */ = {isa = PBXFileReference; lastKnownFileType = sourcecode.swift; path = FundDetails.swift; sourceTree = "<group>"; };
		EF7B6CE12BB0D87200CA6F92 /* FundRow.swift */ = {isa = PBXFileReference; lastKnownFileType = sourcecode.swift; path = FundRow.swift; sourceTree = "<group>"; };
		EF7B6CE52BB1680A00CA6F92 /* Int-Extensions.swift */ = {isa = PBXFileReference; lastKnownFileType = sourcecode.swift; path = "Int-Extensions.swift"; sourceTree = "<group>"; };
		EF7B6CE72BB1840200CA6F92 /* TransactionRow.swift */ = {isa = PBXFileReference; lastKnownFileType = sourcecode.swift; path = TransactionRow.swift; sourceTree = "<group>"; };
		EF7B6CE92BB18D7D00CA6F92 /* TransactionEditor.swift */ = {isa = PBXFileReference; lastKnownFileType = sourcecode.swift; path = TransactionEditor.swift; sourceTree = "<group>"; };
		EF9EDCBD2BB98C94003D6D36 /* FundChart.swift */ = {isa = PBXFileReference; lastKnownFileType = sourcecode.swift; path = FundChart.swift; sourceTree = "<group>"; };
		EF9EDCBF2BB9BAA6003D6D36 /* FundTransactionsList.swift */ = {isa = PBXFileReference; lastKnownFileType = sourcecode.swift; path = FundTransactionsList.swift; sourceTree = "<group>"; };
		EFA2A1862BC48282006224D6 /* TransactionGroupViewModel.swift */ = {isa = PBXFileReference; lastKnownFileType = sourcecode.swift; path = TransactionGroupViewModel.swift; sourceTree = "<group>"; };
		EFD3F2DC2BB1EE3D00DB805D /* TransactionDaySection.swift */ = {isa = PBXFileReference; lastKnownFileType = sourcecode.swift; path = TransactionDaySection.swift; sourceTree = "<group>"; };
		EFDF1E212BC2D96F00A397AF /* TransactionGroup.swift */ = {isa = PBXFileReference; lastKnownFileType = sourcecode.swift; path = TransactionGroup.swift; sourceTree = "<group>"; };
/* End PBXFileReference section */

/* Begin PBXFrameworksBuildPhase section */
		EF7B6CB02BB0916900CA6F92 /* Frameworks */ = {
			isa = PBXFrameworksBuildPhase;
			buildActionMask = 2147483647;
			files = (
				EFAA66852BB6E649001EA269 /* SwiftDate in Frameworks */,
			);
			runOnlyForDeploymentPostprocessing = 0;
		};
/* End PBXFrameworksBuildPhase section */

/* Begin PBXGroup section */
		EF5A69122BB57D2E00DDB156 /* Balances */ = {
			isa = PBXGroup;
			children = (
				EF5A690E2BB5779800DDB156 /* BalanceRow.swift */,
				EF5A69102BB57D2600DDB156 /* BalanceChangeRow.swift */,
			);
			path = Balances;
			sourceTree = "<group>";
		};
		EF6EEA702BB2F305005C1562 /* Transfers */ = {
			isa = PBXGroup;
			children = (
				EF6EEA712BB2F30F005C1562 /* TransferEditor.swift */,
			);
			path = Transfers;
			sourceTree = "<group>";
		};
		EF7B6CAA2BB0916900CA6F92 = {
			isa = PBXGroup;
			children = (
				EF7B6CB52BB0916900CA6F92 /* Funds4 */,
				EF7B6CB42BB0916900CA6F92 /* Products */,
			);
			sourceTree = "<group>";
		};
		EF7B6CB42BB0916900CA6F92 /* Products */ = {
			isa = PBXGroup;
			children = (
				EF7B6CB32BB0916900CA6F92 /* Funds4.app */,
			);
			name = Products;
			sourceTree = "<group>";
		};
		EF7B6CB52BB0916900CA6F92 /* Funds4 */ = {
			isa = PBXGroup;
			children = (
				EF7B6CDA2BB0D48C00CA6F92 /* SampleData */,
				EF7B6CD52BB0D43600CA6F92 /* PreviewHelpers */,
				EF7B6CCC2BB09BC700CA6F92 /* Extensions */,
				EF7B6CC92BB0960300CA6F92 /* Views */,
				EF7B6CC42BB0922000CA6F92 /* Models */,
				EF7B6CB62BB0916900CA6F92 /* Funds4App.swift */,
				EF7B6CB82BB0916900CA6F92 /* ContentView.swift */,
				EF7B6CBA2BB0916A00CA6F92 /* Assets.xcassets */,
				EF7B6CBC2BB0916A00CA6F92 /* Preview Content */,
			);
			path = Funds4;
			sourceTree = "<group>";
		};
		EF7B6CBC2BB0916A00CA6F92 /* Preview Content */ = {
			isa = PBXGroup;
			children = (
				EF7B6CBD2BB0916A00CA6F92 /* Preview Assets.xcassets */,
			);
			path = "Preview Content";
			sourceTree = "<group>";
		};
		EF7B6CC42BB0922000CA6F92 /* Models */ = {
			isa = PBXGroup;
			children = (
				EF7B6CC52BB0922F00CA6F92 /* Fund.swift */,
				EF7B6CC72BB092AE00CA6F92 /* Transaction.swift */,
				EF3B69BE2BBF2C8D00271C56 /* ChartPoint.swift */,
				EF3B69C02BBF32BC00271C56 /* ChartViewModel.swift */,
				EFA2A1862BC48282006224D6 /* TransactionGroupViewModel.swift */,
			);
			path = Models;
			sourceTree = "<group>";
		};
		EF7B6CC92BB0960300CA6F92 /* Views */ = {
			isa = PBXGroup;
			children = (
				EF5A69122BB57D2E00DDB156 /* Balances */,
				EF6EEA702BB2F305005C1562 /* Transfers */,
				EFD3F2DF2BB1F76800DB805D /* Transactions */,
				EFD3F2DE2BB1F75800DB805D /* Funds */,
			);
			path = Views;
			sourceTree = "<group>";
		};
		EF7B6CCC2BB09BC700CA6F92 /* Extensions */ = {
			isa = PBXGroup;
			children = (
				EF7B6CCD2BB09BE000CA6F92 /* Date-Extensions.swift */,
				EF7B6CD32BB0CE4500CA6F92 /* Bool-Extensions.swift */,
				EF7B6CE52BB1680A00CA6F92 /* Int-Extensions.swift */,
			);
			path = Extensions;
			sourceTree = "<group>";
		};
		EF7B6CD52BB0D43600CA6F92 /* PreviewHelpers */ = {
			isa = PBXGroup;
			children = (
				EF7B6CD62BB0D44A00CA6F92 /* ModelContainerPreview.swift */,
				EF7B6CD82BB0D47400CA6F92 /* Preview-ModelContainer.swift */,
			);
			path = PreviewHelpers;
			sourceTree = "<group>";
		};
		EF7B6CDA2BB0D48C00CA6F92 /* SampleData */ = {
			isa = PBXGroup;
			children = (
				EF7B6CDB2BB0D49E00CA6F92 /* SampleData-Fund.swift */,
				EF7B6CDD2BB0D4BF00CA6F92 /* SampleData-Transaction.swift */,
			);
			path = SampleData;
			sourceTree = "<group>";
		};
		EFD3F2DE2BB1F75800DB805D /* Funds */ = {
			isa = PBXGroup;
			children = (
				EF9EDCBD2BB98C94003D6D36 /* FundChart.swift */,
				EF7B6CDF2BB0D7BE00CA6F92 /* FundDetails.swift */,
				EF7B6CD12BB0A77300CA6F92 /* FundEditor.swift */,
				EF7B6CCF2BB09EF400CA6F92 /* FundList.swift */,
				EF7B6CE12BB0D87200CA6F92 /* FundRow.swift */,
				EF5A690C2BB5751C00DDB156 /* FundStatistics.swift */,
			);
			path = Funds;
			sourceTree = "<group>";
		};
		EFD3F2DF2BB1F76800DB805D /* Transactions */ = {
			isa = PBXGroup;
			children = (
				EFD3F2DC2BB1EE3D00DB805D /* TransactionDaySection.swift */,
				EF7B6CE92BB18D7D00CA6F92 /* TransactionEditor.swift */,
				EF7B6CCA2BB0961700CA6F92 /* TransactionList.swift */,
				EF7B6CE72BB1840200CA6F92 /* TransactionRow.swift */,
				EF9EDCBF2BB9BAA6003D6D36 /* FundTransactionsList.swift */,
				EFDF1E212BC2D96F00A397AF /* TransactionGroup.swift */,
			);
			path = Transactions;
			sourceTree = "<group>";
		};
/* End PBXGroup section */

/* Begin PBXNativeTarget section */
		EF7B6CB22BB0916900CA6F92 /* Funds4 */ = {
			isa = PBXNativeTarget;
			buildConfigurationList = EF7B6CC12BB0916A00CA6F92 /* Build configuration list for PBXNativeTarget "Funds4" */;
			buildPhases = (
				EF7B6CAF2BB0916900CA6F92 /* Sources */,
				EF7B6CB02BB0916900CA6F92 /* Frameworks */,
				EF7B6CB12BB0916900CA6F92 /* Resources */,
			);
			buildRules = (
			);
			dependencies = (
			);
			name = Funds4;
			packageProductDependencies = (
				EFAA66842BB6E649001EA269 /* SwiftDate */,
			);
			productName = Funds4;
			productReference = EF7B6CB32BB0916900CA6F92 /* Funds4.app */;
			productType = "com.apple.product-type.application";
		};
/* End PBXNativeTarget section */

/* Begin PBXProject section */
		EF7B6CAB2BB0916900CA6F92 /* Project object */ = {
			isa = PBXProject;
			attributes = {
				BuildIndependentTargetsInParallel = 1;
				LastSwiftUpdateCheck = 1530;
				LastUpgradeCheck = 1530;
				TargetAttributes = {
					EF7B6CB22BB0916900CA6F92 = {
						CreatedOnToolsVersion = 15.3;
					};
				};
			};
			buildConfigurationList = EF7B6CAE2BB0916900CA6F92 /* Build configuration list for PBXProject "Funds4" */;
			compatibilityVersion = "Xcode 14.0";
			developmentRegion = en;
			hasScannedForEncodings = 0;
			knownRegions = (
				en,
				Base,
			);
			mainGroup = EF7B6CAA2BB0916900CA6F92;
			packageReferences = (
				EFAA66832BB6E649001EA269 /* XCRemoteSwiftPackageReference "SwiftDate" */,
			);
			productRefGroup = EF7B6CB42BB0916900CA6F92 /* Products */;
			projectDirPath = "";
			projectRoot = "";
			targets = (
				EF7B6CB22BB0916900CA6F92 /* Funds4 */,
			);
		};
/* End PBXProject section */

/* Begin PBXResourcesBuildPhase section */
		EF7B6CB12BB0916900CA6F92 /* Resources */ = {
			isa = PBXResourcesBuildPhase;
			buildActionMask = 2147483647;
			files = (
				EF7B6CBE2BB0916A00CA6F92 /* Preview Assets.xcassets in Resources */,
				EF7B6CBB2BB0916A00CA6F92 /* Assets.xcassets in Resources */,
			);
			runOnlyForDeploymentPostprocessing = 0;
		};
/* End PBXResourcesBuildPhase section */

/* Begin PBXSourcesBuildPhase section */
		EF7B6CAF2BB0916900CA6F92 /* Sources */ = {
			isa = PBXSourcesBuildPhase;
			buildActionMask = 2147483647;
			files = (
				EF7B6CDE2BB0D4BF00CA6F92 /* SampleData-Transaction.swift in Sources */,
				EF7B6CC62BB0922F00CA6F92 /* Fund.swift in Sources */,
				EF7B6CCE2BB09BE000CA6F92 /* Date-Extensions.swift in Sources */,
				EF5A690D2BB5751C00DDB156 /* FundStatistics.swift in Sources */,
				EFD3F2DD2BB1EE3D00DB805D /* TransactionDaySection.swift in Sources */,
				EF7B6CE02BB0D7BE00CA6F92 /* FundDetails.swift in Sources */,
				EF3B69C12BBF32BC00271C56 /* ChartViewModel.swift in Sources */,
				EF7B6CD02BB09EF400CA6F92 /* FundList.swift in Sources */,
				EF7B6CE22BB0D87200CA6F92 /* FundRow.swift in Sources */,
				EF5A690F2BB5779800DDB156 /* BalanceRow.swift in Sources */,
				EF9EDCBE2BB98C94003D6D36 /* FundChart.swift in Sources */,
				EF7B6CCB2BB0961700CA6F92 /* TransactionList.swift in Sources */,
				EF3B69BF2BBF2C8D00271C56 /* ChartPoint.swift in Sources */,
				EF7B6CD92BB0D47400CA6F92 /* Preview-ModelContainer.swift in Sources */,
				EF7B6CE82BB1840200CA6F92 /* TransactionRow.swift in Sources */,
				EF7B6CD42BB0CE4500CA6F92 /* Bool-Extensions.swift in Sources */,
				EFDF1E222BC2D96F00A397AF /* TransactionGroup.swift in Sources */,
				EF7B6CDC2BB0D49E00CA6F92 /* SampleData-Fund.swift in Sources */,
				EF7B6CB92BB0916900CA6F92 /* ContentView.swift in Sources */,
				EF7B6CC82BB092AE00CA6F92 /* Transaction.swift in Sources */,
				EF7B6CB72BB0916900CA6F92 /* Funds4App.swift in Sources */,
				EFA2A1872BC48282006224D6 /* TransactionGroupViewModel.swift in Sources */,
				EF7B6CD72BB0D44A00CA6F92 /* ModelContainerPreview.swift in Sources */,
				EF7B6CE62BB1680A00CA6F92 /* Int-Extensions.swift in Sources */,
				EF7B6CD22BB0A77300CA6F92 /* FundEditor.swift in Sources */,
				EF5A69112BB57D2600DDB156 /* BalanceChangeRow.swift in Sources */,
				EF6EEA722BB2F30F005C1562 /* TransferEditor.swift in Sources */,
				EF7B6CEA2BB18D7D00CA6F92 /* TransactionEditor.swift in Sources */,
				EF9EDCC02BB9BAA6003D6D36 /* FundTransactionsList.swift in Sources */,
			);
			runOnlyForDeploymentPostprocessing = 0;
		};
/* End PBXSourcesBuildPhase section */

/* Begin XCBuildConfiguration section */
		EF7B6CBF2BB0916A00CA6F92 /* Debug */ = {
			isa = XCBuildConfiguration;
			buildSettings = {
				ALWAYS_SEARCH_USER_PATHS = NO;
				ASSETCATALOG_COMPILER_GENERATE_SWIFT_ASSET_SYMBOL_EXTENSIONS = YES;
				CLANG_ANALYZER_NONNULL = YES;
				CLANG_ANALYZER_NUMBER_OBJECT_CONVERSION = YES_AGGRESSIVE;
				CLANG_CXX_LANGUAGE_STANDARD = "gnu++20";
				CLANG_ENABLE_MODULES = YES;
				CLANG_ENABLE_OBJC_ARC = YES;
				CLANG_ENABLE_OBJC_WEAK = YES;
				CLANG_WARN_BLOCK_CAPTURE_AUTORELEASING = YES;
				CLANG_WARN_BOOL_CONVERSION = YES;
				CLANG_WARN_COMMA = YES;
				CLANG_WARN_CONSTANT_CONVERSION = YES;
				CLANG_WARN_DEPRECATED_OBJC_IMPLEMENTATIONS = YES;
				CLANG_WARN_DIRECT_OBJC_ISA_USAGE = YES_ERROR;
				CLANG_WARN_DOCUMENTATION_COMMENTS = YES;
				CLANG_WARN_EMPTY_BODY = YES;
				CLANG_WARN_ENUM_CONVERSION = YES;
				CLANG_WARN_INFINITE_RECURSION = YES;
				CLANG_WARN_INT_CONVERSION = YES;
				CLANG_WARN_NON_LITERAL_NULL_CONVERSION = YES;
				CLANG_WARN_OBJC_IMPLICIT_RETAIN_SELF = YES;
				CLANG_WARN_OBJC_LITERAL_CONVERSION = YES;
				CLANG_WARN_OBJC_ROOT_CLASS = YES_ERROR;
				CLANG_WARN_QUOTED_INCLUDE_IN_FRAMEWORK_HEADER = YES;
				CLANG_WARN_RANGE_LOOP_ANALYSIS = YES;
				CLANG_WARN_STRICT_PROTOTYPES = YES;
				CLANG_WARN_SUSPICIOUS_MOVE = YES;
				CLANG_WARN_UNGUARDED_AVAILABILITY = YES_AGGRESSIVE;
				CLANG_WARN_UNREACHABLE_CODE = YES;
				CLANG_WARN__DUPLICATE_METHOD_MATCH = YES;
				COPY_PHASE_STRIP = NO;
				DEBUG_INFORMATION_FORMAT = dwarf;
				ENABLE_STRICT_OBJC_MSGSEND = YES;
				ENABLE_TESTABILITY = YES;
				ENABLE_USER_SCRIPT_SANDBOXING = YES;
				GCC_C_LANGUAGE_STANDARD = gnu17;
				GCC_DYNAMIC_NO_PIC = NO;
				GCC_NO_COMMON_BLOCKS = YES;
				GCC_OPTIMIZATION_LEVEL = 0;
				GCC_PREPROCESSOR_DEFINITIONS = (
					"DEBUG=1",
					"$(inherited)",
				);
				GCC_WARN_64_TO_32_BIT_CONVERSION = YES;
				GCC_WARN_ABOUT_RETURN_TYPE = YES_ERROR;
				GCC_WARN_UNDECLARED_SELECTOR = YES;
				GCC_WARN_UNINITIALIZED_AUTOS = YES_AGGRESSIVE;
				GCC_WARN_UNUSED_FUNCTION = YES;
				GCC_WARN_UNUSED_VARIABLE = YES;
				IPHONEOS_DEPLOYMENT_TARGET = 17.4;
				LOCALIZATION_PREFERS_STRING_CATALOGS = YES;
				MTL_ENABLE_DEBUG_INFO = INCLUDE_SOURCE;
				MTL_FAST_MATH = YES;
				ONLY_ACTIVE_ARCH = YES;
				SDKROOT = iphoneos;
				SWIFT_ACTIVE_COMPILATION_CONDITIONS = "DEBUG $(inherited)";
				SWIFT_OPTIMIZATION_LEVEL = "-Onone";
			};
			name = Debug;
		};
		EF7B6CC02BB0916A00CA6F92 /* Release */ = {
			isa = XCBuildConfiguration;
			buildSettings = {
				ALWAYS_SEARCH_USER_PATHS = NO;
				ASSETCATALOG_COMPILER_GENERATE_SWIFT_ASSET_SYMBOL_EXTENSIONS = YES;
				CLANG_ANALYZER_NONNULL = YES;
				CLANG_ANALYZER_NUMBER_OBJECT_CONVERSION = YES_AGGRESSIVE;
				CLANG_CXX_LANGUAGE_STANDARD = "gnu++20";
				CLANG_ENABLE_MODULES = YES;
				CLANG_ENABLE_OBJC_ARC = YES;
				CLANG_ENABLE_OBJC_WEAK = YES;
				CLANG_WARN_BLOCK_CAPTURE_AUTORELEASING = YES;
				CLANG_WARN_BOOL_CONVERSION = YES;
				CLANG_WARN_COMMA = YES;
				CLANG_WARN_CONSTANT_CONVERSION = YES;
				CLANG_WARN_DEPRECATED_OBJC_IMPLEMENTATIONS = YES;
				CLANG_WARN_DIRECT_OBJC_ISA_USAGE = YES_ERROR;
				CLANG_WARN_DOCUMENTATION_COMMENTS = YES;
				CLANG_WARN_EMPTY_BODY = YES;
				CLANG_WARN_ENUM_CONVERSION = YES;
				CLANG_WARN_INFINITE_RECURSION = YES;
				CLANG_WARN_INT_CONVERSION = YES;
				CLANG_WARN_NON_LITERAL_NULL_CONVERSION = YES;
				CLANG_WARN_OBJC_IMPLICIT_RETAIN_SELF = YES;
				CLANG_WARN_OBJC_LITERAL_CONVERSION = YES;
				CLANG_WARN_OBJC_ROOT_CLASS = YES_ERROR;
				CLANG_WARN_QUOTED_INCLUDE_IN_FRAMEWORK_HEADER = YES;
				CLANG_WARN_RANGE_LOOP_ANALYSIS = YES;
				CLANG_WARN_STRICT_PROTOTYPES = YES;
				CLANG_WARN_SUSPICIOUS_MOVE = YES;
				CLANG_WARN_UNGUARDED_AVAILABILITY = YES_AGGRESSIVE;
				CLANG_WARN_UNREACHABLE_CODE = YES;
				CLANG_WARN__DUPLICATE_METHOD_MATCH = YES;
				COPY_PHASE_STRIP = NO;
				DEBUG_INFORMATION_FORMAT = "dwarf-with-dsym";
				ENABLE_NS_ASSERTIONS = NO;
				ENABLE_STRICT_OBJC_MSGSEND = YES;
				ENABLE_USER_SCRIPT_SANDBOXING = YES;
				GCC_C_LANGUAGE_STANDARD = gnu17;
				GCC_NO_COMMON_BLOCKS = YES;
				GCC_WARN_64_TO_32_BIT_CONVERSION = YES;
				GCC_WARN_ABOUT_RETURN_TYPE = YES_ERROR;
				GCC_WARN_UNDECLARED_SELECTOR = YES;
				GCC_WARN_UNINITIALIZED_AUTOS = YES_AGGRESSIVE;
				GCC_WARN_UNUSED_FUNCTION = YES;
				GCC_WARN_UNUSED_VARIABLE = YES;
				IPHONEOS_DEPLOYMENT_TARGET = 17.4;
				LOCALIZATION_PREFERS_STRING_CATALOGS = YES;
				MTL_ENABLE_DEBUG_INFO = NO;
				MTL_FAST_MATH = YES;
				SDKROOT = iphoneos;
				SWIFT_COMPILATION_MODE = wholemodule;
				VALIDATE_PRODUCT = YES;
			};
			name = Release;
		};
		EF7B6CC22BB0916A00CA6F92 /* Debug */ = {
			isa = XCBuildConfiguration;
			buildSettings = {
				ASSETCATALOG_COMPILER_APPICON_NAME = AppIcon;
				ASSETCATALOG_COMPILER_GLOBAL_ACCENT_COLOR_NAME = AccentColor;
				CODE_SIGN_STYLE = Automatic;
				CURRENT_PROJECT_VERSION = 1;
				DEVELOPMENT_ASSET_PATHS = "\"Funds4/Preview Content\"";
				DEVELOPMENT_TEAM = 4UN8J53PE9;
				ENABLE_PREVIEWS = YES;
				GENERATE_INFOPLIST_FILE = YES;
				INFOPLIST_KEY_UIApplicationSceneManifest_Generation = YES;
				INFOPLIST_KEY_UIApplicationSupportsIndirectInputEvents = YES;
				INFOPLIST_KEY_UILaunchScreen_Generation = YES;
				INFOPLIST_KEY_UISupportedInterfaceOrientations = UIInterfaceOrientationPortrait;
				INFOPLIST_KEY_UISupportedInterfaceOrientations_iPad = "UIInterfaceOrientationLandscapeLeft UIInterfaceOrientationLandscapeRight UIInterfaceOrientationPortrait UIInterfaceOrientationPortraitUpsideDown";
				LD_RUNPATH_SEARCH_PATHS = (
					"$(inherited)",
					"@executable_path/Frameworks",
				);
				MARKETING_VERSION = 1.0;
				PRODUCT_BUNDLE_IDENTIFIER = com.fuelledbytea.Funds4;
				PRODUCT_NAME = "$(TARGET_NAME)";
				SWIFT_EMIT_LOC_STRINGS = YES;
				SWIFT_STRICT_CONCURRENCY = minimal;
				SWIFT_VERSION = 5.0;
				TARGETED_DEVICE_FAMILY = "1,2";
			};
			name = Debug;
		};
		EF7B6CC32BB0916A00CA6F92 /* Release */ = {
			isa = XCBuildConfiguration;
			buildSettings = {
				ASSETCATALOG_COMPILER_APPICON_NAME = AppIcon;
				ASSETCATALOG_COMPILER_GLOBAL_ACCENT_COLOR_NAME = AccentColor;
				CODE_SIGN_STYLE = Automatic;
				CURRENT_PROJECT_VERSION = 1;
				DEVELOPMENT_ASSET_PATHS = "\"Funds4/Preview Content\"";
				DEVELOPMENT_TEAM = 4UN8J53PE9;
				ENABLE_PREVIEWS = YES;
				GENERATE_INFOPLIST_FILE = YES;
				INFOPLIST_KEY_UIApplicationSceneManifest_Generation = YES;
				INFOPLIST_KEY_UIApplicationSupportsIndirectInputEvents = YES;
				INFOPLIST_KEY_UILaunchScreen_Generation = YES;
				INFOPLIST_KEY_UISupportedInterfaceOrientations = UIInterfaceOrientationPortrait;
				INFOPLIST_KEY_UISupportedInterfaceOrientations_iPad = "UIInterfaceOrientationLandscapeLeft UIInterfaceOrientationLandscapeRight UIInterfaceOrientationPortrait UIInterfaceOrientationPortraitUpsideDown";
				LD_RUNPATH_SEARCH_PATHS = (
					"$(inherited)",
					"@executable_path/Frameworks",
				);
				MARKETING_VERSION = 1.0;
				PRODUCT_BUNDLE_IDENTIFIER = com.fuelledbytea.Funds4;
				PRODUCT_NAME = "$(TARGET_NAME)";
				SWIFT_EMIT_LOC_STRINGS = YES;
				SWIFT_STRICT_CONCURRENCY = minimal;
				SWIFT_VERSION = 5.0;
				TARGETED_DEVICE_FAMILY = "1,2";
			};
			name = Release;
		};
/* End XCBuildConfiguration section */

/* Begin XCConfigurationList section */
		EF7B6CAE2BB0916900CA6F92 /* Build configuration list for PBXProject "Funds4" */ = {
			isa = XCConfigurationList;
			buildConfigurations = (
				EF7B6CBF2BB0916A00CA6F92 /* Debug */,
				EF7B6CC02BB0916A00CA6F92 /* Release */,
			);
			defaultConfigurationIsVisible = 0;
			defaultConfigurationName = Release;
		};
		EF7B6CC12BB0916A00CA6F92 /* Build configuration list for PBXNativeTarget "Funds4" */ = {
			isa = XCConfigurationList;
			buildConfigurations = (
				EF7B6CC22BB0916A00CA6F92 /* Debug */,
				EF7B6CC32BB0916A00CA6F92 /* Release */,
			);
			defaultConfigurationIsVisible = 0;
			defaultConfigurationName = Release;
		};
/* End XCConfigurationList section */

/* Begin XCRemoteSwiftPackageReference section */
		EFAA66832BB6E649001EA269 /* XCRemoteSwiftPackageReference "SwiftDate" */ = {
			isa = XCRemoteSwiftPackageReference;
			repositoryURL = "https://github.com/malcommac/SwiftDate.git";
			requirement = {
				kind = upToNextMajorVersion;
				minimumVersion = 7.0.0;
			};
		};
/* End XCRemoteSwiftPackageReference section */

/* Begin XCSwiftPackageProductDependency section */
		EFAA66842BB6E649001EA269 /* SwiftDate */ = {
			isa = XCSwiftPackageProductDependency;
			package = EFAA66832BB6E649001EA269 /* XCRemoteSwiftPackageReference "SwiftDate" */;
			productName = SwiftDate;
		};
/* End XCSwiftPackageProductDependency section */
	};
	rootObject = EF7B6CAB2BB0916900CA6F92 /* Project object */;
}
